
Microsoft Visual Studio Solution File, Format Version 12.00
# Visual Studio Version 16
VisualStudioVersion = 16.0.29424.173
MinimumVisualStudioVersion = 10.0.40219.1
Project("{2150E333-8FDC-42A3-9474-1A3956D46DE8}") = "Web", "Web", "{CFC966EB-2192-4563-BB06-E73CB7997024}"
EndProject
Project("{9A19103F-16F7-4668-BE54-9A1E7A4F7556}") = "HyperMarket.Core", "HyperMarket.Core\HyperMarket.Core.csproj", "{C53AA5F4-3FC7-439C-ABF7-0779EE1EFBA7}"
EndProject
Project("{9A19103F-16F7-4668-BE54-9A1E7A4F7556}") = "HyperMarket.Data", "HyperMarket.Data\HyperMarket.Data.csproj", "{7C6FC95E-465B-4EBC-9567-B7B2AF0F087D}"
EndProject
Project("{9A19103F-16F7-4668-BE54-9A1E7A4F7556}") = "HyperMarket.Data.SqlServer", "HyperMarket.Data.SqlServer\HyperMarket.Data.SqlServer.csproj", "{1B299075-A1B1-4BC4-8A1B-7C098163D447}"
EndProject
Project("{9A19103F-16F7-4668-BE54-9A1E7A4F7556}") = "HyperMarket.DomainObjects", "HyperMarket.DomainObjects\HyperMarket.DomainObjects.csproj", "{EF876DC6-EDC0-4916-84DF-139FA3FA138D}"
EndProject
Project("{9A19103F-16F7-4668-BE54-9A1E7A4F7556}") = "HyperMarket.Queries", "HyperMarket.Queries\HyperMarket.Queries.csproj", "{D5F72AE3-087A-4D1E-81B3-30844AA9412C}"
EndProject
Project("{9A19103F-16F7-4668-BE54-9A1E7A4F7556}") = "HyperMarket.Web", "HyperMarket.Web\HyperMarket.Web.csproj", "{BA817757-536C-41C4-8D05-C092A27A9BBE}"
EndProject
Global
	GlobalSection(SolutionConfigurationPlatforms) = preSolution
		Ad-Hoc|Any CPU = Ad-Hoc|Any CPU
		Ad-Hoc|iPhone = Ad-Hoc|iPhone
		Ad-Hoc|iPhoneSimulator = Ad-Hoc|iPhoneSimulator
		AppStore|Any CPU = AppStore|Any CPU
		AppStore|iPhone = AppStore|iPhone
		AppStore|iPhoneSimulator = AppStore|iPhoneSimulator
		Debug|Any CPU = Debug|Any CPU
		Debug|iPhone = Debug|iPhone
		Debug|iPhoneSimulator = Debug|iPhoneSimulator
		Release|Any CPU = Release|Any CPU
		Release|iPhone = Release|iPhone
		Release|iPhoneSimulator = Release|iPhoneSimulator
	EndGlobalSection
	GlobalSection(ProjectConfigurationPlatforms) = postSolution
		{C53AA5F4-3FC7-439C-ABF7-0779EE1EFBA7}.Ad-Hoc|Any CPU.ActiveCfg = Debug|Any CPU
		{C53AA5F4-3FC7-439C-ABF7-0779EE1EFBA7}.Ad-Hoc|Any CPU.Build.0 = Debug|Any CPU
		{C53AA5F4-3FC7-439C-ABF7-0779EE1EFBA7}.Ad-Hoc|iPhone.ActiveCfg = Debug|Any CPU
		{C53AA5F4-3FC7-439C-ABF7-0779EE1EFBA7}.Ad-Hoc|iPhone.Build.0 = Debug|Any CPU
		{C53AA5F4-3FC7-439C-ABF7-0779EE1EFBA7}.Ad-Hoc|iPhoneSimulator.ActiveCfg = Debug|Any CPU
		{C53AA5F4-3FC7-439C-ABF7-0779EE1EFBA7}.Ad-Hoc|iPhoneSimulator.Build.0 = Debug|Any CPU
		{C53AA5F4-3FC7-439C-ABF7-0779EE1EFBA7}.AppStore|Any CPU.ActiveCfg = Debug|Any CPU
		{C53AA5F4-3FC7-439C-ABF7-0779EE1EFBA7}.AppStore|Any CPU.Build.0 = Debug|Any CPU
		{C53AA5F4-3FC7-439C-ABF7-0779EE1EFBA7}.AppStore|iPhone.ActiveCfg = Debug|Any CPU
		{C53AA5F4-3FC7-439C-ABF7-0779EE1EFBA7}.AppStore|iPhone.Build.0 = Debug|Any CPU
		{C53AA5F4-3FC7-439C-ABF7-0779EE1EFBA7}.AppStore|iPhoneSimulator.ActiveCfg = Debug|Any CPU
		{C53AA5F4-3FC7-439C-ABF7-0779EE1EFBA7}.AppStore|iPhoneSimulator.Build.0 = Debug|Any CPU
		{C53AA5F4-3FC7-439C-ABF7-0779EE1EFBA7}.Debug|Any CPU.ActiveCfg = Debug|Any CPU
		{C53AA5F4-3FC7-439C-ABF7-0779EE1EFBA7}.Debug|Any CPU.Build.0 = Debug|Any CPU
		{C53AA5F4-3FC7-439C-ABF7-0779EE1EFBA7}.Debug|iPhone.ActiveCfg = Debug|Any CPU
		{C53AA5F4-3FC7-439C-ABF7-0779EE1EFBA7}.Debug|iPhone.Build.0 = Debug|Any CPU
		{C53AA5F4-3FC7-439C-ABF7-0779EE1EFBA7}.Debug|iPhoneSimulator.ActiveCfg = Debug|Any CPU
		{C53AA5F4-3FC7-439C-ABF7-0779EE1EFBA7}.Debug|iPhoneSimulator.Build.0 = Debug|Any CPU
		{C53AA5F4-3FC7-439C-ABF7-0779EE1EFBA7}.Release|Any CPU.ActiveCfg = Release|Any CPU
		{C53AA5F4-3FC7-439C-ABF7-0779EE1EFBA7}.Release|Any CPU.Build.0 = Release|Any CPU
		{C53AA5F4-3FC7-439C-ABF7-0779EE1EFBA7}.Release|iPhone.ActiveCfg = Release|Any CPU
		{C53AA5F4-3FC7-439C-ABF7-0779EE1EFBA7}.Release|iPhone.Build.0 = Release|Any CPU
		{C53AA5F4-3FC7-439C-ABF7-0779EE1EFBA7}.Release|iPhoneSimulator.ActiveCfg = Release|Any CPU
		{C53AA5F4-3FC7-439C-ABF7-0779EE1EFBA7}.Release|iPhoneSimulator.Build.0 = Release|Any CPU
		{7C6FC95E-465B-4EBC-9567-B7B2AF0F087D}.Ad-Hoc|Any CPU.ActiveCfg = Debug|Any CPU
		{7C6FC95E-465B-4EBC-9567-B7B2AF0F087D}.Ad-Hoc|Any CPU.Build.0 = Debug|Any CPU
		{7C6FC95E-465B-4EBC-9567-B7B2AF0F087D}.Ad-Hoc|iPhone.ActiveCfg = Debug|Any CPU
		{7C6FC95E-465B-4EBC-9567-B7B2AF0F087D}.Ad-Hoc|iPhone.Build.0 = Debug|Any CPU
		{7C6FC95E-465B-4EBC-9567-B7B2AF0F087D}.Ad-Hoc|iPhoneSimulator.ActiveCfg = Debug|Any CPU
		{7C6FC95E-465B-4EBC-9567-B7B2AF0F087D}.Ad-Hoc|iPhoneSimulator.Build.0 = Debug|Any CPU
		{7C6FC95E-465B-4EBC-9567-B7B2AF0F087D}.AppStore|Any CPU.ActiveCfg = Debug|Any CPU
		{7C6FC95E-465B-4EBC-9567-B7B2AF0F087D}.AppStore|Any CPU.Build.0 = Debug|Any CPU
		{7C6FC95E-465B-4EBC-9567-B7B2AF0F087D}.AppStore|iPhone.ActiveCfg = Debug|Any CPU
		{7C6FC95E-465B-4EBC-9567-B7B2AF0F087D}.AppStore|iPhone.Build.0 = Debug|Any CPU
		{7C6FC95E-465B-4EBC-9567-B7B2AF0F087D}.AppStore|iPhoneSimulator.ActiveCfg = Debug|Any CPU
		{7C6FC95E-465B-4EBC-9567-B7B2AF0F087D}.AppStore|iPhoneSimulator.Build.0 = Debug|Any CPU
		{7C6FC95E-465B-4EBC-9567-B7B2AF0F087D}.Debug|Any CPU.ActiveCfg = Debug|Any CPU
		{7C6FC95E-465B-4EBC-9567-B7B2AF0F087D}.Debug|Any CPU.Build.0 = Debug|Any CPU
		{7C6FC95E-465B-4EBC-9567-B7B2AF0F087D}.Debug|iPhone.ActiveCfg = Debug|Any CPU
		{7C6FC95E-465B-4EBC-9567-B7B2AF0F087D}.Debug|iPhone.Build.0 = Debug|Any CPU
		{7C6FC95E-465B-4EBC-9567-B7B2AF0F087D}.Debug|iPhoneSimulator.ActiveCfg = Debug|Any CPU
		{7C6FC95E-465B-4EBC-9567-B7B2AF0F087D}.Debug|iPhoneSimulator.Build.0 = Debug|Any CPU
		{7C6FC95E-465B-4EBC-9567-B7B2AF0F087D}.Release|Any CPU.ActiveCfg = Release|Any CPU
		{7C6FC95E-465B-4EBC-9567-B7B2AF0F087D}.Release|Any CPU.Build.0 = Release|Any CPU
		{7C6FC95E-465B-4EBC-9567-B7B2AF0F087D}.Release|iPhone.ActiveCfg = Release|Any CPU
		{7C6FC95E-465B-4EBC-9567-B7B2AF0F087D}.Release|iPhone.Build.0 = Release|Any CPU
		{7C6FC95E-465B-4EBC-9567-B7B2AF0F087D}.Release|iPhoneSimulator.ActiveCfg = Release|Any CPU
		{7C6FC95E-465B-4EBC-9567-B7B2AF0F087D}.Release|iPhoneSimulator.Build.0 = Release|Any CPU
		{1B299075-A1B1-4BC4-8A1B-7C098163D447}.Ad-Hoc|Any CPU.ActiveCfg = Debug|Any CPU
		{1B299075-A1B1-4BC4-8A1B-7C098163D447}.Ad-Hoc|Any CPU.Build.0 = Debug|Any CPU
		{1B299075-A1B1-4BC4-8A1B-7C098163D447}.Ad-Hoc|iPhone.ActiveCfg = Debug|Any CPU
		{1B299075-A1B1-4BC4-8A1B-7C098163D447}.Ad-Hoc|iPhone.Build.0 = Debug|Any CPU
		{1B299075-A1B1-4BC4-8A1B-7C098163D447}.Ad-Hoc|iPhoneSimulator.ActiveCfg = Debug|Any CPU
		{1B299075-A1B1-4BC4-8A1B-7C098163D447}.Ad-Hoc|iPhoneSimulator.Build.0 = Debug|Any CPU
		{1B299075-A1B1-4BC4-8A1B-7C098163D447}.AppStore|Any CPU.ActiveCfg = Debug|Any CPU
		{1B299075-A1B1-4BC4-8A1B-7C098163D447}.AppStore|Any CPU.Build.0 = Debug|Any CPU
		{1B299075-A1B1-4BC4-8A1B-7C098163D447}.AppStore|iPhone.ActiveCfg = Debug|Any CPU
		{1B299075-A1B1-4BC4-8A1B-7C098163D447}.AppStore|iPhone.Build.0 = Debug|Any CPU
		{1B299075-A1B1-4BC4-8A1B-7C098163D447}.AppStore|iPhoneSimulator.ActiveCfg = Debug|Any CPU
		{1B299075-A1B1-4BC4-8A1B-7C098163D447}.AppStore|iPhoneSimulator.Build.0 = Debug|Any CPU
		{1B299075-A1B1-4BC4-8A1B-7C098163D447}.Debug|Any CPU.ActiveCfg = Debug|Any CPU
		{1B299075-A1B1-4BC4-8A1B-7C098163D447}.Debug|Any CPU.Build.0 = Debug|Any CPU
		{1B299075-A1B1-4BC4-8A1B-7C098163D447}.Debug|iPhone.ActiveCfg = Debug|Any CPU
		{1B299075-A1B1-4BC4-8A1B-7C098163D447}.Debug|iPhone.Build.0 = Debug|Any CPU
		{1B299075-A1B1-4BC4-8A1B-7C098163D447}.Debug|iPhoneSimulator.ActiveCfg = Debug|Any CPU
		{1B299075-A1B1-4BC4-8A1B-7C098163D447}.Debug|iPhoneSimulator.Build.0 = Debug|Any CPU
		{1B299075-A1B1-4BC4-8A1B-7C098163D447}.Release|Any CPU.ActiveCfg = Release|Any CPU
		{1B299075-A1B1-4BC4-8A1B-7C098163D447}.Release|Any CPU.Build.0 = Release|Any CPU
		{1B299075-A1B1-4BC4-8A1B-7C098163D447}.Release|iPhone.ActiveCfg = Release|Any CPU
		{1B299075-A1B1-4BC4-8A1B-7C098163D447}.Release|iPhone.Build.0 = Release|Any CPU
		{1B299075-A1B1-4BC4-8A1B-7C098163D447}.Release|iPhoneSimulator.ActiveCfg = Release|Any CPU
		{1B299075-A1B1-4BC4-8A1B-7C098163D447}.Release|iPhoneSimulator.Build.0 = Release|Any CPU
		{EF876DC6-EDC0-4916-84DF-139FA3FA138D}.Ad-Hoc|Any CPU.ActiveCfg = Debug|Any CPU
		{EF876DC6-EDC0-4916-84DF-139FA3FA138D}.Ad-Hoc|Any CPU.Build.0 = Debug|Any CPU
		{EF876DC6-EDC0-4916-84DF-139FA3FA138D}.Ad-Hoc|iPhone.ActiveCfg = Debug|Any CPU
		{EF876DC6-EDC0-4916-84DF-139FA3FA138D}.Ad-Hoc|iPhone.Build.0 = Debug|Any CPU
		{EF876DC6-EDC0-4916-84DF-139FA3FA138D}.Ad-Hoc|iPhoneSimulator.ActiveCfg = Debug|Any CPU
		{EF876DC6-EDC0-4916-84DF-139FA3FA138D}.Ad-Hoc|iPhoneSimulator.Build.0 = Debug|Any CPU
		{EF876DC6-EDC0-4916-84DF-139FA3FA138D}.AppStore|Any CPU.ActiveCfg = Debug|Any CPU
		{EF876DC6-EDC0-4916-84DF-139FA3FA138D}.AppStore|Any CPU.Build.0 = Debug|Any CPU
		{EF876DC6-EDC0-4916-84DF-139FA3FA138D}.AppStore|iPhone.ActiveCfg = Debug|Any CPU
		{EF876DC6-EDC0-4916-84DF-139FA3FA138D}.AppStore|iPhone.Build.0 = Debug|Any CPU
		{EF876DC6-EDC0-4916-84DF-139FA3FA138D}.AppStore|iPhoneSimulator.ActiveCfg = Debug|Any CPU
		{EF876DC6-EDC0-4916-84DF-139FA3FA138D}.AppStore|iPhoneSimulator.Build.0 = Debug|Any CPU
		{EF876DC6-EDC0-4916-84DF-139FA3FA138D}.Debug|Any CPU.ActiveCfg = Debug|Any CPU
		{EF876DC6-EDC0-4916-84DF-139FA3FA138D}.Debug|Any CPU.Build.0 = Debug|Any CPU
		{EF876DC6-EDC0-4916-84DF-139FA3FA138D}.Debug|iPhone.ActiveCfg = Debug|Any CPU
		{EF876DC6-EDC0-4916-84DF-139FA3FA138D}.Debug|iPhone.Build.0 = Debug|Any CPU
		{EF876DC6-EDC0-4916-84DF-139FA3FA138D}.Debug|iPhoneSimulator.ActiveCfg = Debug|Any CPU
		{EF876DC6-EDC0-4916-84DF-139FA3FA138D}.Debug|iPhoneSimulator.Build.0 = Debug|Any CPU
		{EF876DC6-EDC0-4916-84DF-139FA3FA138D}.Release|Any CPU.ActiveCfg = Release|Any CPU
		{EF876DC6-EDC0-4916-84DF-139FA3FA138D}.Release|Any CPU.Build.0 = Release|Any CPU
		{EF876DC6-EDC0-4916-84DF-139FA3FA138D}.Release|iPhone.ActiveCfg = Release|Any CPU
		{EF876DC6-EDC0-4916-84DF-139FA3FA138D}.Release|iPhone.Build.0 = Release|Any CPU
		{EF876DC6-EDC0-4916-84DF-139FA3FA138D}.Release|iPhoneSimulator.ActiveCfg = Release|Any CPU
		{EF876DC6-EDC0-4916-84DF-139FA3FA138D}.Release|iPhoneSimulator.Build.0 = Release|Any CPU
		{D5F72AE3-087A-4D1E-81B3-30844AA9412C}.Ad-Hoc|Any CPU.ActiveCfg = Debug|Any CPU
		{D5F72AE3-087A-4D1E-81B3-30844AA9412C}.Ad-Hoc|Any CPU.Build.0 = Debug|Any CPU
		{D5F72AE3-087A-4D1E-81B3-30844AA9412C}.Ad-Hoc|iPhone.ActiveCfg = Debug|Any CPU
		{D5F72AE3-087A-4D1E-81B3-30844AA9412C}.Ad-Hoc|iPhone.Build.0 = Debug|Any CPU
		{D5F72AE3-087A-4D1E-81B3-30844AA9412C}.Ad-Hoc|iPhoneSimulator.ActiveCfg = Debug|Any CPU
		{D5F72AE3-087A-4D1E-81B3-30844AA9412C}.Ad-Hoc|iPhoneSimulator.Build.0 = Debug|Any CPU
		{D5F72AE3-087A-4D1E-81B3-30844AA9412C}.AppStore|Any CPU.ActiveCfg = Debug|Any CPU
		{D5F72AE3-087A-4D1E-81B3-30844AA9412C}.AppStore|Any CPU.Build.0 = Debug|Any CPU
		{D5F72AE3-087A-4D1E-81B3-30844AA9412C}.AppStore|iPhone.ActiveCfg = Debug|Any CPU
		{D5F72AE3-087A-4D1E-81B3-30844AA9412C}.AppStore|iPhone.Build.0 = Debug|Any CPU
		{D5F72AE3-087A-4D1E-81B3-30844AA9412C}.AppStore|iPhoneSimulator.ActiveCfg = Debug|Any CPU
		{D5F72AE3-087A-4D1E-81B3-30844AA9412C}.AppStore|iPhoneSimulator.Build.0 = Debug|Any CPU
		{D5F72AE3-087A-4D1E-81B3-30844AA9412C}.Debug|Any CPU.ActiveCfg = Debug|Any CPU
		{D5F72AE3-087A-4D1E-81B3-30844AA9412C}.Debug|Any CPU.Build.0 = Debug|Any CPU
		{D5F72AE3-087A-4D1E-81B3-30844AA9412C}.Debug|iPhone.ActiveCfg = Debug|Any CPU
		{D5F72AE3-087A-4D1E-81B3-30844AA9412C}.Debug|iPhone.Build.0 = Debug|Any CPU
		{D5F72AE3-087A-4D1E-81B3-30844AA9412C}.Debug|iPhoneSimulator.ActiveCfg = Debug|Any CPU
		{D5F72AE3-087A-4D1E-81B3-30844AA9412C}.Debug|iPhoneSimulator.Build.0 = Debug|Any CPU
		{D5F72AE3-087A-4D1E-81B3-30844AA9412C}.Release|Any CPU.ActiveCfg = Release|Any CPU
		{D5F72AE3-087A-4D1E-81B3-30844AA9412C}.Release|Any CPU.Build.0 = Release|Any CPU
		{D5F72AE3-087A-4D1E-81B3-30844AA9412C}.Release|iPhone.ActiveCfg = Release|Any CPU
		{D5F72AE3-087A-4D1E-81B3-30844AA9412C}.Release|iPhone.Build.0 = Release|Any CPU
		{D5F72AE3-087A-4D1E-81B3-30844AA9412C}.Release|iPhoneSimulator.ActiveCfg = Release|Any CPU
		{D5F72AE3-087A-4D1E-81B3-30844AA9412C}.Release|iPhoneSimulator.Build.0 = Release|Any CPU
		{BA817757-536C-41C4-8D05-C092A27A9BBE}.Ad-Hoc|Any CPU.ActiveCfg = Debug|Any CPU
		{BA817757-536C-41C4-8D05-C092A27A9BBE}.Ad-Hoc|Any CPU.Build.0 = Debug|Any CPU
		{BA817757-536C-41C4-8D05-C092A27A9BBE}.Ad-Hoc|iPhone.ActiveCfg = Debug|Any CPU
		{BA817757-536C-41C4-8D05-C092A27A9BBE}.Ad-Hoc|iPhone.Build.0 = Debug|Any CPU
		{BA817757-536C-41C4-8D05-C092A27A9BBE}.Ad-Hoc|iPhoneSimulator.ActiveCfg = Debug|Any CPU
		{BA817757-536C-41C4-8D05-C092A27A9BBE}.Ad-Hoc|iPhoneSimulator.Build.0 = Debug|Any CPU
		{BA817757-536C-41C4-8D05-C092A27A9BBE}.AppStore|Any CPU.ActiveCfg = Debug|Any CPU
		{BA817757-536C-41C4-8D05-C092A27A9BBE}.AppStore|Any CPU.Build.0 = Debug|Any CPU
		{BA817757-536C-41C4-8D05-C092A27A9BBE}.AppStore|iPhone.ActiveCfg = Debug|Any CPU
		{BA817757-536C-41C4-8D05-C092A27A9BBE}.AppStore|iPhone.Build.0 = Debug|Any CPU
		{BA817757-536C-41C4-8D05-C092A27A9BBE}.AppStore|iPhoneSimulator.ActiveCfg = Debug|Any CPU
		{BA817757-536C-41C4-8D05-C092A27A9BBE}.AppStore|iPhoneSimulator.Build.0 = Debug|Any CPU
		{BA817757-536C-41C4-8D05-C092A27A9BBE}.Debug|Any CPU.ActiveCfg = Debug|Any CPU
		{BA817757-536C-41C4-8D05-C092A27A9BBE}.Debug|Any CPU.Build.0 = Debug|Any CPU
		{BA817757-536C-41C4-8D05-C092A27A9BBE}.Debug|iPhone.ActiveCfg = Debug|Any CPU
		{BA817757-536C-41C4-8D05-C092A27A9BBE}.Debug|iPhone.Build.0 = Debug|Any CPU
		{BA817757-536C-41C4-8D05-C092A27A9BBE}.Debug|iPhoneSimulator.ActiveCfg = Debug|Any CPU
		{BA817757-536C-41C4-8D05-C092A27A9BBE}.Debug|iPhoneSimulator.Build.0 = Debug|Any CPU
		{BA817757-536C-41C4-8D05-C092A27A9BBE}.Release|Any CPU.ActiveCfg = Release|Any CPU
		{BA817757-536C-41C4-8D05-C092A27A9BBE}.Release|Any CPU.Build.0 = Release|Any CPU
		{BA817757-536C-41C4-8D05-C092A27A9BBE}.Release|iPhone.ActiveCfg = Release|Any CPU
		{BA817757-536C-41C4-8D05-C092A27A9BBE}.Release|iPhone.Build.0 = Release|Any CPU
		{BA817757-536C-41C4-8D05-C092A27A9BBE}.Release|iPhoneSimulator.ActiveCfg = Release|Any CPU
		{BA817757-536C-41C4-8D05-C092A27A9BBE}.Release|iPhoneSimulator.Build.0 = Release|Any CPU
	EndGlobalSection
	GlobalSection(SolutionProperties) = preSolution
		HideSolutionNode = FALSE
	EndGlobalSection
	GlobalSection(NestedProjects) = preSolution
		{C53AA5F4-3FC7-439C-ABF7-0779EE1EFBA7} = {CFC966EB-2192-4563-BB06-E73CB7997024}
		{7C6FC95E-465B-4EBC-9567-B7B2AF0F087D} = {CFC966EB-2192-4563-BB06-E73CB7997024}
		{1B299075-A1B1-4BC4-8A1B-7C098163D447} = {CFC966EB-2192-4563-BB06-E73CB7997024}
		{EF876DC6-EDC0-4916-84DF-139FA3FA138D} = {CFC966EB-2192-4563-BB06-E73CB7997024}
		{D5F72AE3-087A-4D1E-81B3-30844AA9412C} = {CFC966EB-2192-4563-BB06-E73CB7997024}
		{BA817757-536C-41C4-8D05-C092A27A9BBE} = {CFC966EB-2192-4563-BB06-E73CB7997024}
	EndGlobalSection
	GlobalSection(ExtensibilityGlobals) = postSolution
		SolutionGuid = {3FA0B047-5652-4F58-9819-42C3FC606951}
	EndGlobalSection
EndGlobal
